
Microsoft Visual Studio Solution File, Format Version 12.00
# Visual Studio Version 16
VisualStudioVersion = 16.0.30114.105
MinimumVisualStudioVersion = 10.0.40219.1
Project("{FAE04EC0-301F-11D3-BF4B-00C04F79EFBC}") = "Oso", "Oso\Oso.csproj", "{A5B194A6-954D-4153-A647-90706B0873DD}"
EndProject
Project("{FAE04EC0-301F-11D3-BF4B-00C04F79EFBC}") = "Oso.Tests", "Oso.Tests\Oso.Tests.csproj", "{239BE57A-5766-4981-A617-2C929DED0676}"
EndProject
Project("{FAE04EC0-301F-11D3-BF4B-00C04F79EFBC}") = "Oso.EntityFramework", "Oso.EntityFramework\Oso.EntityFramework.csproj", "{FF09AED1-BFCE-43BB-9261-6C88617D4159}"
EndProject
Global
	GlobalSection(SolutionConfigurationPlatforms) = preSolution
		Debug|Any CPU = Debug|Any CPU
		Release|Any CPU = Release|Any CPU
	EndGlobalSection
	GlobalSection(SolutionProperties) = preSolution
		HideSolutionNode = FALSE
	EndGlobalSection
	GlobalSection(ProjectConfigurationPlatforms) = postSolution
		{A5B194A6-954D-4153-A647-90706B0873DD}.Debug|Any CPU.ActiveCfg = Debug|Any CPU
		{A5B194A6-954D-4153-A647-90706B0873DD}.Debug|Any CPU.Build.0 = Debug|Any CPU
		{A5B194A6-954D-4153-A647-90706B0873DD}.Release|Any CPU.ActiveCfg = Release|Any CPU
		{A5B194A6-954D-4153-A647-90706B0873DD}.Release|Any CPU.Build.0 = Release|Any CPU
		{239BE57A-5766-4981-A617-2C929DED0676}.Debug|Any CPU.ActiveCfg = Debug|Any CPU
		{239BE57A-5766-4981-A617-2C929DED0676}.Debug|Any CPU.Build.0 = Debug|Any CPU
		{239BE57A-5766-4981-A617-2C929DED0676}.Release|Any CPU.ActiveCfg = Release|Any CPU
		{239BE57A-5766-4981-A617-2C929DED0676}.Release|Any CPU.Build.0 = Release|Any CPU
		{FF09AED1-BFCE-43BB-9261-6C88617D4159}.Debug|Any CPU.ActiveCfg = Debug|Any CPU
		{FF09AED1-BFCE-43BB-9261-6C88617D4159}.Debug|Any CPU.Build.0 = Debug|Any CPU
		{FF09AED1-BFCE-43BB-9261-6C88617D4159}.Release|Any CPU.ActiveCfg = Release|Any CPU
		{FF09AED1-BFCE-43BB-9261-6C88617D4159}.Release|Any CPU.Build.0 = Release|Any CPU
	EndGlobalSection
EndGlobal
